// !$*UTF8*$!
{
	archiveVersion = 1;
	classes = {
	};
	objectVersion = 50;
	objects = {

/* Begin PBXBuildFile section */
		7E1C423B2171D13200805EFE /* Icon.png in Resources */ = {isa = PBXBuildFile; fileRef = 7E1C423A2171D13200805EFE /* Icon.png */; };
		7E1C423F2171F0CD00805EFE /* TestViewController.swift in Sources */ = {isa = PBXBuildFile; fileRef = 7E1C423E2171F0CD00805EFE /* TestViewController.swift */; };
		7E1C42412171F38500805EFE /* money icon.png in Resources */ = {isa = PBXBuildFile; fileRef = 7E1C42402171F38500805EFE /* money icon.png */; };
		7E1C42432172482600805EFE /* Icon-App-29x29@3x.png in Resources */ = {isa = PBXBuildFile; fileRef = 7E1C42422172482600805EFE /* Icon-App-29x29@3x.png */; };
		7E1C42452172482C00805EFE /* Icon-App-60x60@3x.png in Resources */ = {isa = PBXBuildFile; fileRef = 7E1C42442172482C00805EFE /* Icon-App-60x60@3x.png */; };
		7E1C4247217257D600805EFE /* fire.png in Resources */ = {isa = PBXBuildFile; fileRef = 7E1C4246217257D600805EFE /* fire.png */; };
		7E1C426D2172B78F00805EFE /* Extensions.swift in Sources */ = {isa = PBXBuildFile; fileRef = 7E1C426C2172B78F00805EFE /* Extensions.swift */; };
		7E644A6321719B71009810FF /* AppDelegate.swift in Sources */ = {isa = PBXBuildFile; fileRef = 7E644A6221719B71009810FF /* AppDelegate.swift */; };
		7E644A6721719B71009810FF /* ViewController.swift in Sources */ = {isa = PBXBuildFile; fileRef = 7E644A6621719B71009810FF /* ViewController.swift */; };
		7E644A6A21719B71009810FF /* Main.storyboard in Resources */ = {isa = PBXBuildFile; fileRef = 7E644A6821719B71009810FF /* Main.storyboard */; };
		7E644A6C21719B72009810FF /* Assets.xcassets in Resources */ = {isa = PBXBuildFile; fileRef = 7E644A6B21719B72009810FF /* Assets.xcassets */; };
		7E644A6F21719B72009810FF /* LaunchScreen.storyboard in Resources */ = {isa = PBXBuildFile; fileRef = 7E644A6D21719B72009810FF /* LaunchScreen.storyboard */; };
		7E644A7B2171ACEA009810FF /* WaypointStore.swift in Sources */ = {isa = PBXBuildFile; fileRef = 7E644A7A2171ACEA009810FF /* WaypointStore.swift */; };
		7E644A7F2171AD77009810FF /* Waypoint.swift in Sources */ = {isa = PBXBuildFile; fileRef = 7E644A7E2171AD77009810FF /* Waypoint.swift */; };
		7E644A832171AE82009810FF /* Backend.swift in Sources */ = {isa = PBXBuildFile; fileRef = 7E644A822171AE82009810FF /* Backend.swift */; };
		92297F4AFA708735E301FE50 /* Pods_PathWay.framework in Frameworks */ = {isa = PBXBuildFile; fileRef = 06EB527C81886C74E2DE73BF /* Pods_PathWay.framework */; };
/* End PBXBuildFile section */

/* Begin PBXFileReference section */
		06EB527C81886C74E2DE73BF /* Pods_PathWay.framework */ = {isa = PBXFileReference; explicitFileType = wrapper.framework; includeInIndex = 0; path = Pods_PathWay.framework; sourceTree = BUILT_PRODUCTS_DIR; };
		1AF1219CDBEA277E8094329E /* Pods-PathWay.debug.xcconfig */ = {isa = PBXFileReference; includeInIndex = 1; lastKnownFileType = text.xcconfig; name = "Pods-PathWay.debug.xcconfig"; path = "Pods/Target Support Files/Pods-PathWay/Pods-PathWay.debug.xcconfig"; sourceTree = "<group>"; };
		52A66432BFDD7F4156208CDF /* Pods-PathWay.release.xcconfig */ = {isa = PBXFileReference; includeInIndex = 1; lastKnownFileType = text.xcconfig; name = "Pods-PathWay.release.xcconfig"; path = "Pods/Target Support Files/Pods-PathWay/Pods-PathWay.release.xcconfig"; sourceTree = "<group>"; };
		7E1C423A2171D13200805EFE /* Icon.png */ = {isa = PBXFileReference; lastKnownFileType = image.png; path = Icon.png; sourceTree = "<group>"; };
		7E1C423E2171F0CD00805EFE /* TestViewController.swift */ = {isa = PBXFileReference; lastKnownFileType = sourcecode.swift; path = TestViewController.swift; sourceTree = "<group>"; };
		7E1C42402171F38500805EFE /* money icon.png */ = {isa = PBXFileReference; lastKnownFileType = image.png; path = "money icon.png"; sourceTree = "<group>"; };
		7E1C42422172482600805EFE /* Icon-App-29x29@3x.png */ = {isa = PBXFileReference; lastKnownFileType = image.png; path = "Icon-App-29x29@3x.png"; sourceTree = "<group>"; };
		7E1C42442172482C00805EFE /* Icon-App-60x60@3x.png */ = {isa = PBXFileReference; lastKnownFileType = image.png; path = "Icon-App-60x60@3x.png"; sourceTree = "<group>"; };
		7E1C4246217257D600805EFE /* fire.png */ = {isa = PBXFileReference; lastKnownFileType = image.png; path = fire.png; sourceTree = "<group>"; };
		7E1C426C2172B78F00805EFE /* Extensions.swift */ = {isa = PBXFileReference; lastKnownFileType = sourcecode.swift; path = Extensions.swift; sourceTree = "<group>"; };
		7E644A5F21719B71009810FF /* PathWay.app */ = {isa = PBXFileReference; explicitFileType = wrapper.application; includeInIndex = 0; path = PathWay.app; sourceTree = BUILT_PRODUCTS_DIR; };
		7E644A6221719B71009810FF /* AppDelegate.swift */ = {isa = PBXFileReference; lastKnownFileType = sourcecode.swift; path = AppDelegate.swift; sourceTree = "<group>"; };
		7E644A6621719B71009810FF /* ViewController.swift */ = {isa = PBXFileReference; lastKnownFileType = sourcecode.swift; path = ViewController.swift; sourceTree = "<group>"; };
		7E644A6921719B71009810FF /* Base */ = {isa = PBXFileReference; lastKnownFileType = file.storyboard; name = Base; path = Base.lproj/Main.storyboard; sourceTree = "<group>"; };
		7E644A6B21719B72009810FF /* Assets.xcassets */ = {isa = PBXFileReference; lastKnownFileType = folder.assetcatalog; path = Assets.xcassets; sourceTree = "<group>"; };
		7E644A6E21719B72009810FF /* Base */ = {isa = PBXFileReference; lastKnownFileType = file.storyboard; name = Base; path = Base.lproj/LaunchScreen.storyboard; sourceTree = "<group>"; };
		7E644A7021719B72009810FF /* Info.plist */ = {isa = PBXFileReference; lastKnownFileType = text.plist.xml; path = Info.plist; sourceTree = "<group>"; };
		7E644A7A2171ACEA009810FF /* WaypointStore.swift */ = {isa = PBXFileReference; lastKnownFileType = sourcecode.swift; path = WaypointStore.swift; sourceTree = "<group>"; };
		7E644A7E2171AD77009810FF /* Waypoint.swift */ = {isa = PBXFileReference; lastKnownFileType = sourcecode.swift; path = Waypoint.swift; sourceTree = "<group>"; };
		7E644A822171AE82009810FF /* Backend.swift */ = {isa = PBXFileReference; lastKnownFileType = sourcecode.swift; path = Backend.swift; sourceTree = "<group>"; };
/* End PBXFileReference section */

/* Begin PBXFrameworksBuildPhase section */
		7E644A5C21719B71009810FF /* Frameworks */ = {
			isa = PBXFrameworksBuildPhase;
			buildActionMask = 2147483647;
			files = (
				92297F4AFA708735E301FE50 /* Pods_PathWay.framework in Frameworks */,
			);
			runOnlyForDeploymentPostprocessing = 0;
		};
/* End PBXFrameworksBuildPhase section */

/* Begin PBXGroup section */
		14EC6C7E7631E5297F73EE34 /* Frameworks */ = {
			isa = PBXGroup;
			children = (
				06EB527C81886C74E2DE73BF /* Pods_PathWay.framework */,
			);
			name = Frameworks;
			sourceTree = "<group>";
		};
		7D2608F68DB1FA833AEEE561 /* Pods */ = {
			isa = PBXGroup;
			children = (
				1AF1219CDBEA277E8094329E /* Pods-PathWay.debug.xcconfig */,
				52A66432BFDD7F4156208CDF /* Pods-PathWay.release.xcconfig */,
			);
			name = Pods;
			sourceTree = "<group>";
		};
		7E644A5621719B71009810FF = {
			isa = PBXGroup;
			children = (
				7E644A6121719B71009810FF /* PathWay */,
				7E644A6021719B71009810FF /* Products */,
				7D2608F68DB1FA833AEEE561 /* Pods */,
				14EC6C7E7631E5297F73EE34 /* Frameworks */,
			);
			sourceTree = "<group>";
		};
		7E644A6021719B71009810FF /* Products */ = {
			isa = PBXGroup;
			children = (
				7E644A5F21719B71009810FF /* PathWay.app */,
			);
			name = Products;
			sourceTree = "<group>";
		};
		7E644A6121719B71009810FF /* PathWay */ = {
			isa = PBXGroup;
			children = (
				7E644A812171AD8E009810FF /* Store */,
				7E644A802171AD7B009810FF /* ARKit */,
				7E644A7D2171AD6E009810FF /* Model */,
				7E644A6221719B71009810FF /* AppDelegate.swift */,
				7E644A6621719B71009810FF /* ViewController.swift */,
				7E1C423E2171F0CD00805EFE /* TestViewController.swift */,
				7E644A6821719B71009810FF /* Main.storyboard */,
				7E644A6B21719B72009810FF /* Assets.xcassets */,
				7E1C4246217257D600805EFE /* fire.png */,
				7E1C42442172482C00805EFE /* Icon-App-60x60@3x.png */,
				7E1C42422172482600805EFE /* Icon-App-29x29@3x.png */,
				7E1C42402171F38500805EFE /* money icon.png */,
				7E1C423A2171D13200805EFE /* Icon.png */,
				7E644A6D21719B72009810FF /* LaunchScreen.storyboard */,
				7E644A7021719B72009810FF /* Info.plist */,
				7E1C426C2172B78F00805EFE /* Extensions.swift */,
			);
			path = PathWay;
			sourceTree = "<group>";
		};
		7E644A7D2171AD6E009810FF /* Model */ = {
			isa = PBXGroup;
			children = (
				7E644A7E2171AD77009810FF /* Waypoint.swift */,
			);
			path = Model;
			sourceTree = "<group>";
		};
		7E644A802171AD7B009810FF /* ARKit */ = {
			isa = PBXGroup;
			children = (
			);
			path = ARKit;
			sourceTree = "<group>";
		};
		7E644A812171AD8E009810FF /* Store */ = {
			isa = PBXGroup;
			children = (
				7E644A7A2171ACEA009810FF /* WaypointStore.swift */,
				7E644A822171AE82009810FF /* Backend.swift */,
			);
			path = Store;
			sourceTree = "<group>";
		};
/* End PBXGroup section */

/* Begin PBXNativeTarget section */
		7E644A5E21719B71009810FF /* PathWay */ = {
			isa = PBXNativeTarget;
			buildConfigurationList = 7E644A7321719B72009810FF /* Build configuration list for PBXNativeTarget "PathWay" */;
			buildPhases = (
				1350BE62E7E544E67936BE33 /* [CP] Check Pods Manifest.lock */,
				7E644A5B21719B71009810FF /* Sources */,
				7E644A5C21719B71009810FF /* Frameworks */,
				7E644A5D21719B71009810FF /* Resources */,
				716B95DF811D2D845CFEEC1A /* [CP] Embed Pods Frameworks */,
			);
			buildRules = (
			);
			dependencies = (
			);
			name = PathWay;
			productName = PathWay;
			productReference = 7E644A5F21719B71009810FF /* PathWay.app */;
			productType = "com.apple.product-type.application";
		};
/* End PBXNativeTarget section */

/* Begin PBXProject section */
		7E644A5721719B71009810FF /* Project object */ = {
			isa = PBXProject;
			attributes = {
				LastSwiftUpdateCheck = 1000;
				LastUpgradeCheck = 1000;
				ORGANIZATIONNAME = "Matthew Krager";
				TargetAttributes = {
					7E644A5E21719B71009810FF = {
						CreatedOnToolsVersion = 10.0;
					};
				};
			};
			buildConfigurationList = 7E644A5A21719B71009810FF /* Build configuration list for PBXProject "PathWay" */;
			compatibilityVersion = "Xcode 9.3";
			developmentRegion = en;
			hasScannedForEncodings = 0;
			knownRegions = (
				en,
				Base,
			);
			mainGroup = 7E644A5621719B71009810FF;
			productRefGroup = 7E644A6021719B71009810FF /* Products */;
			projectDirPath = "";
			projectRoot = "";
			targets = (
				7E644A5E21719B71009810FF /* PathWay */,
			);
		};
/* End PBXProject section */

/* Begin PBXResourcesBuildPhase section */
		7E644A5D21719B71009810FF /* Resources */ = {
			isa = PBXResourcesBuildPhase;
			buildActionMask = 2147483647;
			files = (
				7E1C42452172482C00805EFE /* Icon-App-60x60@3x.png in Resources */,
				7E1C4247217257D600805EFE /* fire.png in Resources */,
				7E1C42412171F38500805EFE /* money icon.png in Resources */,
				7E1C423B2171D13200805EFE /* Icon.png in Resources */,
				7E644A6F21719B72009810FF /* LaunchScreen.storyboard in Resources */,
				7E1C42432172482600805EFE /* Icon-App-29x29@3x.png in Resources */,
				7E644A6C21719B72009810FF /* Assets.xcassets in Resources */,
				7E644A6A21719B71009810FF /* Main.storyboard in Resources */,
			);
			runOnlyForDeploymentPostprocessing = 0;
		};
/* End PBXResourcesBuildPhase section */

/* Begin PBXShellScriptBuildPhase section */
		1350BE62E7E544E67936BE33 /* [CP] Check Pods Manifest.lock */ = {
			isa = PBXShellScriptBuildPhase;
			buildActionMask = 2147483647;
			files = (
			);
			inputPaths = (
				"${PODS_PODFILE_DIR_PATH}/Podfile.lock",
				"${PODS_ROOT}/Manifest.lock",
			);
			name = "[CP] Check Pods Manifest.lock";
			outputPaths = (
				"$(DERIVED_FILE_DIR)/Pods-PathWay-checkManifestLockResult.txt",
			);
			runOnlyForDeploymentPostprocessing = 0;
			shellPath = /bin/sh;
			shellScript = "diff \"${PODS_PODFILE_DIR_PATH}/Podfile.lock\" \"${PODS_ROOT}/Manifest.lock\" > /dev/null\nif [ $? != 0 ] ; then\n    # print error to STDERR\n    echo \"error: The sandbox is not in sync with the Podfile.lock. Run 'pod install' or update your CocoaPods installation.\" >&2\n    exit 1\nfi\n# This output is used by Xcode 'outputs' to avoid re-running this script phase.\necho \"SUCCESS\" > \"${SCRIPT_OUTPUT_FILE_0}\"\n";
			showEnvVarsInLog = 0;
		};
		716B95DF811D2D845CFEEC1A /* [CP] Embed Pods Frameworks */ = {
			isa = PBXShellScriptBuildPhase;
			buildActionMask = 2147483647;
			files = (
			);
			inputPaths = (
				"${SRCROOT}/Pods/Target Support Files/Pods-PathWay/Pods-PathWay-frameworks.sh",
				"${BUILT_PRODUCTS_DIR}/ARCL/ARCL.framework",
				"${BUILT_PRODUCTS_DIR}/Alamofire/Alamofire.framework",
				"${BUILT_PRODUCTS_DIR}/Anchorage/Anchorage.framework",
			);
			name = "[CP] Embed Pods Frameworks";
			outputPaths = (
				"${TARGET_BUILD_DIR}/${FRAMEWORKS_FOLDER_PATH}/ARCL.framework",
				"${TARGET_BUILD_DIR}/${FRAMEWORKS_FOLDER_PATH}/Alamofire.framework",
				"${TARGET_BUILD_DIR}/${FRAMEWORKS_FOLDER_PATH}/Anchorage.framework",
			);
			runOnlyForDeploymentPostprocessing = 0;
			shellPath = /bin/sh;
			shellScript = "\"${SRCROOT}/Pods/Target Support Files/Pods-PathWay/Pods-PathWay-frameworks.sh\"\n";
			showEnvVarsInLog = 0;
		};
/* End PBXShellScriptBuildPhase section */

/* Begin PBXSourcesBuildPhase section */
		7E644A5B21719B71009810FF /* Sources */ = {
			isa = PBXSourcesBuildPhase;
			buildActionMask = 2147483647;
			files = (
				7E1C423F2171F0CD00805EFE /* TestViewController.swift in Sources */,
				7E644A7F2171AD77009810FF /* Waypoint.swift in Sources */,
				7E1C426D2172B78F00805EFE /* Extensions.swift in Sources */,
				7E644A6721719B71009810FF /* ViewController.swift in Sources */,
				7E644A7B2171ACEA009810FF /* WaypointStore.swift in Sources */,
				7E644A6321719B71009810FF /* AppDelegate.swift in Sources */,
				7E644A832171AE82009810FF /* Backend.swift in Sources */,
			);
			runOnlyForDeploymentPostprocessing = 0;
		};
/* End PBXSourcesBuildPhase section */

/* Begin PBXVariantGroup section */
		7E644A6821719B71009810FF /* Main.storyboard */ = {
			isa = PBXVariantGroup;
			children = (
				7E644A6921719B71009810FF /* Base */,
			);
			name = Main.storyboard;
			sourceTree = "<group>";
		};
		7E644A6D21719B72009810FF /* LaunchScreen.storyboard */ = {
			isa = PBXVariantGroup;
			children = (
				7E644A6E21719B72009810FF /* Base */,
			);
			name = LaunchScreen.storyboard;
			sourceTree = "<group>";
		};
/* End PBXVariantGroup section */

/* Begin XCBuildConfiguration section */
		7E644A7121719B72009810FF /* Debug */ = {
			isa = XCBuildConfiguration;
			buildSettings = {
				ALWAYS_SEARCH_USER_PATHS = NO;
				CLANG_ANALYZER_NONNULL = YES;
				CLANG_ANALYZER_NUMBER_OBJECT_CONVERSION = YES_AGGRESSIVE;
				CLANG_CXX_LANGUAGE_STANDARD = "gnu++14";
				CLANG_CXX_LIBRARY = "libc++";
				CLANG_ENABLE_MODULES = YES;
				CLANG_ENABLE_OBJC_ARC = YES;
				CLANG_ENABLE_OBJC_WEAK = YES;
				CLANG_WARN_BLOCK_CAPTURE_AUTORELEASING = YES;
				CLANG_WARN_BOOL_CONVERSION = YES;
				CLANG_WARN_COMMA = YES;
				CLANG_WARN_CONSTANT_CONVERSION = YES;
				CLANG_WARN_DEPRECATED_OBJC_IMPLEMENTATIONS = YES;
				CLANG_WARN_DIRECT_OBJC_ISA_USAGE = YES_ERROR;
				CLANG_WARN_DOCUMENTATION_COMMENTS = YES;
				CLANG_WARN_EMPTY_BODY = YES;
				CLANG_WARN_ENUM_CONVERSION = YES;
				CLANG_WARN_INFINITE_RECURSION = YES;
				CLANG_WARN_INT_CONVERSION = YES;
				CLANG_WARN_NON_LITERAL_NULL_CONVERSION = YES;
				CLANG_WARN_OBJC_IMPLICIT_RETAIN_SELF = YES;
				CLANG_WARN_OBJC_LITERAL_CONVERSION = YES;
				CLANG_WARN_OBJC_ROOT_CLASS = YES_ERROR;
				CLANG_WARN_RANGE_LOOP_ANALYSIS = YES;
				CLANG_WARN_STRICT_PROTOTYPES = YES;
				CLANG_WARN_SUSPICIOUS_MOVE = YES;
				CLANG_WARN_UNGUARDED_AVAILABILITY = YES_AGGRESSIVE;
				CLANG_WARN_UNREACHABLE_CODE = YES;
				CLANG_WARN__DUPLICATE_METHOD_MATCH = YES;
				CODE_SIGN_IDENTITY = "iPhone Developer";
				COPY_PHASE_STRIP = NO;
				DEBUG_INFORMATION_FORMAT = dwarf;
				ENABLE_STRICT_OBJC_MSGSEND = YES;
				ENABLE_TESTABILITY = YES;
				GCC_C_LANGUAGE_STANDARD = gnu11;
				GCC_DYNAMIC_NO_PIC = NO;
				GCC_NO_COMMON_BLOCKS = YES;
				GCC_OPTIMIZATION_LEVEL = 0;
				GCC_PREPROCESSOR_DEFINITIONS = (
					"DEBUG=1",
					"$(inherited)",
				);
				GCC_WARN_64_TO_32_BIT_CONVERSION = YES;
				GCC_WARN_ABOUT_RETURN_TYPE = YES_ERROR;
				GCC_WARN_UNDECLARED_SELECTOR = YES;
				GCC_WARN_UNINITIALIZED_AUTOS = YES_AGGRESSIVE;
				GCC_WARN_UNUSED_FUNCTION = YES;
				GCC_WARN_UNUSED_VARIABLE = YES;
				IPHONEOS_DEPLOYMENT_TARGET = 12.0;
				MTL_ENABLE_DEBUG_INFO = INCLUDE_SOURCE;
				MTL_FAST_MATH = YES;
				ONLY_ACTIVE_ARCH = YES;
				SDKROOT = iphoneos;
				SWIFT_ACTIVE_COMPILATION_CONDITIONS = DEBUG;
				SWIFT_OPTIMIZATION_LEVEL = "-Onone";
			};
			name = Debug;
		};
		7E644A7221719B72009810FF /* Release */ = {
			isa = XCBuildConfiguration;
			buildSettings = {
				ALWAYS_SEARCH_USER_PATHS = NO;
				CLANG_ANALYZER_NONNULL = YES;
				CLANG_ANALYZER_NUMBER_OBJECT_CONVERSION = YES_AGGRESSIVE;
				CLANG_CXX_LANGUAGE_STANDARD = "gnu++14";
				CLANG_CXX_LIBRARY = "libc++";
				CLANG_ENABLE_MODULES = YES;
				CLANG_ENABLE_OBJC_ARC = YES;
				CLANG_ENABLE_OBJC_WEAK = YES;
				CLANG_WARN_BLOCK_CAPTURE_AUTORELEASING = YES;
				CLANG_WARN_BOOL_CONVERSION = YES;
				CLANG_WARN_COMMA = YES;
				CLANG_WARN_CONSTANT_CONVERSION = YES;
				CLANG_WARN_DEPRECATED_OBJC_IMPLEMENTATIONS = YES;
				CLANG_WARN_DIRECT_OBJC_ISA_USAGE = YES_ERROR;
				CLANG_WARN_DOCUMENTATION_COMMENTS = YES;
				CLANG_WARN_EMPTY_BODY = YES;
				CLANG_WARN_ENUM_CONVERSION = YES;
				CLANG_WARN_INFINITE_RECURSION = YES;
				CLANG_WARN_INT_CONVERSION = YES;
				CLANG_WARN_NON_LITERAL_NULL_CONVERSION = YES;
				CLANG_WARN_OBJC_IMPLICIT_RETAIN_SELF = YES;
				CLANG_WARN_OBJC_LITERAL_CONVERSION = YES;
				CLANG_WARN_OBJC_ROOT_CLASS = YES_ERROR;
				CLANG_WARN_RANGE_LOOP_ANALYSIS = YES;
				CLANG_WARN_STRICT_PROTOTYPES = YES;
				CLANG_WARN_SUSPICIOUS_MOVE = YES;
				CLANG_WARN_UNGUARDED_AVAILABILITY = YES_AGGRESSIVE;
				CLANG_WARN_UNREACHABLE_CODE = YES;
				CLANG_WARN__DUPLICATE_METHOD_MATCH = YES;
				CODE_SIGN_IDENTITY = "iPhone Developer";
				COPY_PHASE_STRIP = NO;
				DEBUG_INFORMATION_FORMAT = "dwarf-with-dsym";
				ENABLE_NS_ASSERTIONS = NO;
				ENABLE_STRICT_OBJC_MSGSEND = YES;
				GCC_C_LANGUAGE_STANDARD = gnu11;
				GCC_NO_COMMON_BLOCKS = YES;
				GCC_WARN_64_TO_32_BIT_CONVERSION = YES;
				GCC_WARN_ABOUT_RETURN_TYPE = YES_ERROR;
				GCC_WARN_UNDECLARED_SELECTOR = YES;
				GCC_WARN_UNINITIALIZED_AUTOS = YES_AGGRESSIVE;
				GCC_WARN_UNUSED_FUNCTION = YES;
				GCC_WARN_UNUSED_VARIABLE = YES;
				IPHONEOS_DEPLOYMENT_TARGET = 12.0;
				MTL_ENABLE_DEBUG_INFO = NO;
				MTL_FAST_MATH = YES;
				SDKROOT = iphoneos;
				SWIFT_COMPILATION_MODE = wholemodule;
				SWIFT_OPTIMIZATION_LEVEL = "-O";
				VALIDATE_PRODUCT = YES;
			};
			name = Release;
		};
		7E644A7421719B72009810FF /* Debug */ = {
			isa = XCBuildConfiguration;
			baseConfigurationReference = 1AF1219CDBEA277E8094329E /* Pods-PathWay.debug.xcconfig */;
			buildSettings = {
				ASSETCATALOG_COMPILER_APPICON_NAME = AppIcon;
				CODE_SIGN_STYLE = Automatic;
				DEVELOPMENT_TEAM = 2FKX4SDTGM;
				INFOPLIST_FILE = PathWay/Info.plist;
				IPHONEOS_DEPLOYMENT_TARGET = 11.1;
				LD_RUNPATH_SEARCH_PATHS = (
					"$(inherited)",
					"@executable_path/Frameworks",
				);
				PRODUCT_BUNDLE_IDENTIFIER = TheMkrage.PathWay;
				PRODUCT_NAME = "$(TARGET_NAME)";
				SWIFT_VERSION = 4.2;
				TARGETED_DEVICE_FAMILY = "1,2";
			};
			name = Debug;
		};
		7E644A7521719B72009810FF /* Release */ = {
			isa = XCBuildConfiguration;
			baseConfigurationReference = 52A66432BFDD7F4156208CDF /* Pods-PathWay.release.xcconfig */;
			buildSettings = {
				ASSETCATALOG_COMPILER_APPICON_NAME = AppIcon;
				CODE_SIGN_STYLE = Automatic;
				DEVELOPMENT_TEAM = 2FKX4SDTGM;
				INFOPLIST_FILE = PathWay/Info.plist;
				IPHONEOS_DEPLOYMENT_TARGET = 11.1;
				LD_RUNPATH_SEARCH_PATHS = (
					"$(inherited)",
					"@executable_path/Frameworks",
				);
				PRODUCT_BUNDLE_IDENTIFIER = TheMkrage.PathWay;
				PRODUCT_NAME = "$(TARGET_NAME)";
				SWIFT_VERSION = 4.2;
				TARGETED_DEVICE_FAMILY = "1,2";
			};
			name = Release;
		};
/* End XCBuildConfiguration section */

/* Begin XCConfigurationList section */
		7E644A5A21719B71009810FF /* Build configuration list for PBXProject "PathWay" */ = {
			isa = XCConfigurationList;
			buildConfigurations = (
				7E644A7121719B72009810FF /* Debug */,
				7E644A7221719B72009810FF /* Release */,
			);
			defaultConfigurationIsVisible = 0;
			defaultConfigurationName = Release;
		};
		7E644A7321719B72009810FF /* Build configuration list for PBXNativeTarget "PathWay" */ = {
			isa = XCConfigurationList;
			buildConfigurations = (
				7E644A7421719B72009810FF /* Debug */,
				7E644A7521719B72009810FF /* Release */,
			);
			defaultConfigurationIsVisible = 0;
			defaultConfigurationName = Release;
		};
/* End XCConfigurationList section */
	};
	rootObject = 7E644A5721719B71009810FF /* Project object */;
}
